
Microsoft Visual Studio Solution File, Format Version 12.00
# Visual Studio 15
VisualStudioVersion = 15.0.28010.2016
MinimumVisualStudioVersion = 10.0.40219.1
Project("{FAE04EC0-301F-11D3-BF4B-00C04F79EFBC}") = "Y4", "Y4\Y4.csproj", "{4838CF3F-E262-4E79-A1B7-088A318A6878}"
EndProject
Global
	GlobalSection(SolutionConfigurationPlatforms) = preSolution
		Debug|Any CPU = Debug|Any CPU
		Release|Any CPU = Release|Any CPU
	EndGlobalSection
	GlobalSection(ProjectConfigurationPlatforms) = postSolution
		{4838CF3F-E262-4E79-A1B7-088A318A6878}.Debug|Any CPU.ActiveCfg = Debug|Any CPU
		{4838CF3F-E262-4E79-A1B7-088A318A6878}.Debug|Any CPU.Build.0 = Debug|Any CPU
		{4838CF3F-E262-4E79-A1B7-088A318A6878}.Release|Any CPU.ActiveCfg = Release|Any CPU
		{4838CF3F-E262-4E79-A1B7-088A318A6878}.Release|Any CPU.Build.0 = Release|Any CPU
	EndGlobalSection
	GlobalSection(SolutionProperties) = preSolution
		HideSolutionNode = FALSE
	EndGlobalSection
	GlobalSection(ExtensibilityGlobals) = postSolution
		SolutionGuid = {4B410081-C963-41AA-94A8-EBAA927CE34A}
	EndGlobalSection
EndGlobal
